// !$*UTF8*$!
{
	archiveVersion = 1;
	classes = {
	};
	objectVersion = 46;
	objects = {

/* Begin PBXBuildFile section */
		377C503D1A380CB500AE69E5 /* buf.cpp in Sources */ = {isa = PBXBuildFile; fileRef = 377C50321A380CB500AE69E5 /* buf.cpp */; };
		377C503E1A380CB500AE69E5 /* bufHash.cpp in Sources */ = {isa = PBXBuildFile; fileRef = 377C50341A380CB500AE69E5 /* bufHash.cpp */; };
		377C503F1A380CB500AE69E5 /* db.cpp in Sources */ = {isa = PBXBuildFile; fileRef = 377C50351A380CB500AE69E5 /* db.cpp */; };
		377C50401A380CB500AE69E5 /* error.cpp in Sources */ = {isa = PBXBuildFile; fileRef = 377C50371A380CB500AE69E5 /* error.cpp */; };
		377C50421A380CB500AE69E5 /* page.cpp in Sources */ = {isa = PBXBuildFile; fileRef = 377C503A1A380CB500AE69E5 /* page.cpp */; };
		377C50431A380CB500AE69E5 /* testbuf.cpp in Sources */ = {isa = PBXBuildFile; fileRef = 377C503C1A380CB500AE69E5 /* testbuf.cpp */; };
/* End PBXBuildFile section */

/* Begin PBXCopyFilesBuildPhase section */
		37A749E919FF094100CCF60C /* CopyFiles */ = {
			isa = PBXCopyFilesBuildPhase;
			buildActionMask = 2147483647;
			dstPath = /usr/share/man/man1/;
			dstSubfolderSpec = 0;
			files = (
			);
			runOnlyForDeploymentPostprocessing = 1;
		};
/* End PBXCopyFilesBuildPhase section */

/* Begin PBXFileReference section */
		377C50321A380CB500AE69E5 /* buf.cpp */ = {isa = PBXFileReference; fileEncoding = 4; lastKnownFileType = sourcecode.cpp.cpp; name = buf.cpp; path = src/buf.cpp; sourceTree = SOURCE_ROOT; };
		377C50331A380CB500AE69E5 /* buf.h */ = {isa = PBXFileReference; fileEncoding = 4; lastKnownFileType = sourcecode.c.h; name = buf.h; path = src/buf.h; sourceTree = SOURCE_ROOT; };
		377C50341A380CB500AE69E5 /* bufHash.cpp */ = {isa = PBXFileReference; fileEncoding = 4; lastKnownFileType = sourcecode.cpp.cpp; name = bufHash.cpp; path = src/bufHash.cpp; sourceTree = SOURCE_ROOT; };
		377C50351A380CB500AE69E5 /* db.cpp */ = {isa = PBXFileReference; fileEncoding = 4; lastKnownFileType = sourcecode.cpp.cpp; name = db.cpp; path = src/db.cpp; sourceTree = SOURCE_ROOT; };
		377C50361A380CB500AE69E5 /* db.h */ = {isa = PBXFileReference; fileEncoding = 4; lastKnownFileType = sourcecode.c.h; name = db.h; path = src/db.h; sourceTree = SOURCE_ROOT; };
		377C50371A380CB500AE69E5 /* error.cpp */ = {isa = PBXFileReference; fileEncoding = 4; lastKnownFileType = sourcecode.cpp.cpp; name = error.cpp; path = src/error.cpp; sourceTree = SOURCE_ROOT; };
		377C50381A380CB500AE69E5 /* error.h */ = {isa = PBXFileReference; fileEncoding = 4; lastKnownFileType = sourcecode.c.h; name = error.h; path = src/error.h; sourceTree = SOURCE_ROOT; };
		377C503A1A380CB500AE69E5 /* page.cpp */ = {isa = PBXFileReference; fileEncoding = 4; lastKnownFileType = sourcecode.cpp.cpp; name = page.cpp; path = src/page.cpp; sourceTree = SOURCE_ROOT; };
		377C503B1A380CB500AE69E5 /* page.h */ = {isa = PBXFileReference; fileEncoding = 4; lastKnownFileType = sourcecode.c.h; name = page.h; path = src/page.h; sourceTree = SOURCE_ROOT; };
		377C503C1A380CB500AE69E5 /* testbuf.cpp */ = {isa = PBXFileReference; fileEncoding = 4; lastKnownFileType = sourcecode.cpp.cpp; name = testbuf.cpp; path = src/testbuf.cpp; sourceTree = SOURCE_ROOT; };
		37A749EB19FF094200CCF60C /* buffer_mgmt */ = {isa = PBXFileReference; explicitFileType = "compiled.mach-o.executable"; includeInIndex = 0; path = buffer_mgmt; sourceTree = BUILT_PRODUCTS_DIR; };
/* End PBXFileReference section */

/* Begin PBXFrameworksBuildPhase section */
		37A749E819FF094100CCF60C /* Frameworks */ = {
			isa = PBXFrameworksBuildPhase;
			buildActionMask = 2147483647;
			files = (
			);
			runOnlyForDeploymentPostprocessing = 0;
		};
/* End PBXFrameworksBuildPhase section */

/* Begin PBXGroup section */
		37A749E219FF094100CCF60C = {
			isa = PBXGroup;
			children = (
				37A749ED19FF094200CCF60C /* src */,
				37A749EC19FF094200CCF60C /* Products */,
			);
			sourceTree = "<group>";
		};
		37A749EC19FF094200CCF60C /* Products */ = {
			isa = PBXGroup;
			children = (
				37A749EB19FF094200CCF60C /* buffer_mgmt */,
			);
			name = Products;
			sourceTree = "<group>";
		};
		37A749ED19FF094200CCF60C /* src */ = {
			isa = PBXGroup;
			children = (
				377C50321A380CB500AE69E5 /* buf.cpp */,
				377C50331A380CB500AE69E5 /* buf.h */,
				377C50341A380CB500AE69E5 /* bufHash.cpp */,
				377C50351A380CB500AE69E5 /* db.cpp */,
				377C50361A380CB500AE69E5 /* db.h */,
				377C50371A380CB500AE69E5 /* error.cpp */,
				377C50381A380CB500AE69E5 /* error.h */,
				377C503A1A380CB500AE69E5 /* page.cpp */,
				377C503B1A380CB500AE69E5 /* page.h */,
				377C503C1A380CB500AE69E5 /* testbuf.cpp */,
			);
			name = src;
			path = testbuf;
			sourceTree = "<group>";
		};
/* End PBXGroup section */

/* Begin PBXNativeTarget section */
		37A749EA19FF094100CCF60C /* buffer_mgmt */ = {
			isa = PBXNativeTarget;
			buildConfigurationList = 37A749F219FF094200CCF60C /* Build configuration list for PBXNativeTarget "buffer_mgmt" */;
			buildPhases = (
				37A749E719FF094100CCF60C /* Sources */,
				37A749E819FF094100CCF60C /* Frameworks */,
				37A749E919FF094100CCF60C /* CopyFiles */,
			);
			buildRules = (
			);
			dependencies = (
			);
			name = buffer_mgmt;
			productName = testbuf;
			productReference = 37A749EB19FF094200CCF60C /* buffer_mgmt */;
			productType = "com.apple.product-type.tool";
		};
/* End PBXNativeTarget section */

/* Begin PBXProject section */
		37A749E319FF094100CCF60C /* Project object */ = {
			isa = PBXProject;
			attributes = {
				LastUpgradeCheck = 0610;
				ORGANIZATIONNAME = "Sek Cheong";
				TargetAttributes = {
					37A749EA19FF094100CCF60C = {
						CreatedOnToolsVersion = 6.1;
					};
				};
			};
			buildConfigurationList = 37A749E619FF094100CCF60C /* Build configuration list for PBXProject "buffer_mgmt" */;
			compatibilityVersion = "Xcode 3.2";
			developmentRegion = English;
			hasScannedForEncodings = 0;
			knownRegions = (
				en,
			);
			mainGroup = 37A749E219FF094100CCF60C;
			productRefGroup = 37A749EC19FF094200CCF60C /* Products */;
			projectDirPath = "";
			projectRoot = "";
			targets = (
				37A749EA19FF094100CCF60C /* buffer_mgmt */,
			);
		};
/* End PBXProject section */

/* Begin PBXSourcesBuildPhase section */
		37A749E719FF094100CCF60C /* Sources */ = {
			isa = PBXSourcesBuildPhase;
			buildActionMask = 2147483647;
			files = (
				377C50431A380CB500AE69E5 /* testbuf.cpp in Sources */,
				377C50401A380CB500AE69E5 /* error.cpp in Sources */,
				377C503F1A380CB500AE69E5 /* db.cpp in Sources */,
				377C50421A380CB500AE69E5 /* page.cpp in Sources */,
				377C503D1A380CB500AE69E5 /* buf.cpp in Sources */,
				377C503E1A380CB500AE69E5 /* bufHash.cpp in Sources */,
			);
			runOnlyForDeploymentPostprocessing = 0;
		};
/* End PBXSourcesBuildPhase section */

/* Begin XCBuildConfiguration section */
		37A749F019FF094200CCF60C /* Debug */ = {
			isa = XCBuildConfiguration;
			buildSettings = {
				ALWAYS_SEARCH_USER_PATHS = NO;
				CLANG_CXX_LANGUAGE_STANDARD = "gnu++0x";
				CLANG_CXX_LIBRARY = "libc++";
				CLANG_ENABLE_MODULES = YES;
				CLANG_ENABLE_OBJC_ARC = YES;
				CLANG_WARN_BOOL_CONVERSION = YES;
				CLANG_WARN_CONSTANT_CONVERSION = YES;
				CLANG_WARN_DIRECT_OBJC_ISA_USAGE = YES_ERROR;
				CLANG_WARN_EMPTY_BODY = YES;
				CLANG_WARN_ENUM_CONVERSION = YES;
				CLANG_WARN_INT_CONVERSION = YES;
				CLANG_WARN_OBJC_ROOT_CLASS = YES_ERROR;
				CLANG_WARN_UNREACHABLE_CODE = YES;
				CLANG_WARN__DUPLICATE_METHOD_MATCH = YES;
				COPY_PHASE_STRIP = NO;
				ENABLE_STRICT_OBJC_MSGSEND = YES;
				GCC_C_LANGUAGE_STANDARD = gnu99;
				GCC_DYNAMIC_NO_PIC = NO;
				GCC_OPTIMIZATION_LEVEL = 0;
				GCC_PREPROCESSOR_DEFINITIONS = (
					"DEBUG=1",
					"$(inherited)",
				);
				GCC_SYMBOLS_PRIVATE_EXTERN = NO;
				GCC_WARN_64_TO_32_BIT_CONVERSION = YES;
				GCC_WARN_ABOUT_RETURN_TYPE = YES_ERROR;
				GCC_WARN_UNDECLARED_SELECTOR = YES;
				GCC_WARN_UNINITIALIZED_AUTOS = YES_AGGRESSIVE;
				GCC_WARN_UNUSED_FUNCTION = YES;
				GCC_WARN_UNUSED_VARIABLE = YES;
				MACOSX_DEPLOYMENT_TARGET = 10.9;
				MTL_ENABLE_DEBUG_INFO = YES;
				ONLY_ACTIVE_ARCH = YES;
				SDKROOT = macosx10.9;
			};
			name = Debug;
		};
		37A749F119FF094200CCF60C /* Release */ = {
			isa = XCBuildConfiguration;
			buildSettings = {
				ALWAYS_SEARCH_USER_PATHS = NO;
				CLANG_CXX_LANGUAGE_STANDARD = "gnu++0x";
				CLANG_CXX_LIBRARY = "libc++";
				CLANG_ENABLE_MODULES = YES;
				CLANG_ENABLE_OBJC_ARC = YES;
				CLANG_WARN_BOOL_CONVERSION = YES;
				CLANG_WARN_CONSTANT_CONVERSION = YES;
				CLANG_WARN_DIRECT_OBJC_ISA_USAGE = YES_ERROR;
				CLANG_WARN_EMPTY_BODY = YES;
				CLANG_WARN_ENUM_CONVERSION = YES;
				CLANG_WARN_INT_CONVERSION = YES;
				CLANG_WARN_OBJC_ROOT_CLASS = YES_ERROR;
				CLANG_WARN_UNREACHABLE_CODE = YES;
				CLANG_WARN__DUPLICATE_METHOD_MATCH = YES;
				COPY_PHASE_STRIP = YES;
				DEBUG_INFORMATION_FORMAT = "dwarf-with-dsym";
				ENABLE_NS_ASSERTIONS = NO;
				ENABLE_STRICT_OBJC_MSGSEND = YES;
				GCC_C_LANGUAGE_STANDARD = gnu99;
				GCC_WARN_64_TO_32_BIT_CONVERSION = YES;
				GCC_WARN_ABOUT_RETURN_TYPE = YES_ERROR;
				GCC_WARN_UNDECLARED_SELECTOR = YES;
				GCC_WARN_UNINITIALIZED_AUTOS = YES_AGGRESSIVE;
				GCC_WARN_UNUSED_FUNCTION = YES;
				GCC_WARN_UNUSED_VARIABLE = YES;
				MACOSX_DEPLOYMENT_TARGET = 10.9;
				MTL_ENABLE_DEBUG_INFO = NO;
				SDKROOT = macosx10.9;
			};
			name = Release;
		};
		37A749F319FF094200CCF60C /* Debug */ = {
			isa = XCBuildConfiguration;
			buildSettings = {
				PRODUCT_NAME = buffer_mgmt;
			};
			name = Debug;
		};
		37A749F419FF094200CCF60C /* Release */ = {
			isa = XCBuildConfiguration;
			buildSettings = {
				PRODUCT_NAME = buffer_mgmt;
			};
			name = Release;
		};
/* End XCBuildConfiguration section */

/* Begin XCConfigurationList section */
		37A749E619FF094100CCF60C /* Build configuration list for PBXProject "buffer_mgmt" */ = {
			isa = XCConfigurationList;
			buildConfigurations = (
				37A749F019FF094200CCF60C /* Debug */,
				37A749F119FF094200CCF60C /* Release */,
			);
			defaultConfigurationIsVisible = 0;
			defaultConfigurationName = Release;
		};
		37A749F219FF094200CCF60C /* Build configuration list for PBXNativeTarget "buffer_mgmt" */ = {
			isa = XCConfigurationList;
			buildConfigurations = (
				37A749F319FF094200CCF60C /* Debug */,
				37A749F419FF094200CCF60C /* Release */,
			);
			defaultConfigurationIsVisible = 0;
			defaultConfigurationName = Release;
		};
/* End XCConfigurationList section */
	};
	rootObject = 37A749E319FF094100CCF60C /* Project object */;
}
